
Microsoft Visual Studio Solution File, Format Version 12.00
# Visual Studio 15
VisualStudioVersion = 15.0.28010.2019
MinimumVisualStudioVersion = 10.0.40219.1
Project("{FAE04EC0-301F-11D3-BF4B-00C04F79EFBC}") = "midi2csv", "midi2csv\midi2csv.csproj", "{34448D52-4278-47F8-8350-E202A848487C}"
EndProject
Global
	GlobalSection(SolutionConfigurationPlatforms) = preSolution
		Debug|Any CPU = Debug|Any CPU
		Release|Any CPU = Release|Any CPU
	EndGlobalSection
	GlobalSection(ProjectConfigurationPlatforms) = postSolution
		{34448D52-4278-47F8-8350-E202A848487C}.Debug|Any CPU.ActiveCfg = Debug|Any CPU
		{34448D52-4278-47F8-8350-E202A848487C}.Debug|Any CPU.Build.0 = Debug|Any CPU
		{34448D52-4278-47F8-8350-E202A848487C}.Release|Any CPU.ActiveCfg = Release|Any CPU
		{34448D52-4278-47F8-8350-E202A848487C}.Release|Any CPU.Build.0 = Release|Any CPU
	EndGlobalSection
	GlobalSection(SolutionProperties) = preSolution
		HideSolutionNode = FALSE
	EndGlobalSection
	GlobalSection(ExtensibilityGlobals) = postSolution
		SolutionGuid = {DF8E5696-B9BB-4B87-A0A0-746FC26E5D67}
	EndGlobalSection
EndGlobal
